
Microsoft Visual Studio Solution File, Format Version 11.00
# Visual Studio 2010
Project("{FAE04EC0-301F-11D3-BF4B-00C04F79EFBC}") = "DavidMVC", "DavidMVC\DavidMVC.csproj", "{3930E035-D464-4F80-9EC6-931037F99229}"
EndProject
Project("{FAE04EC0-301F-11D3-BF4B-00C04F79EFBC}") = "DavidMVC.Tests", "DavidMVC.Tests\DavidMVC.Tests.csproj", "{F50FCD08-4123-4E46-9B56-5D23C824E5F4}"
EndProject
Global
	GlobalSection(SolutionConfigurationPlatforms) = preSolution
		Debug|Any CPU = Debug|Any CPU
		Release|Any CPU = Release|Any CPU
	EndGlobalSection
	GlobalSection(ProjectConfigurationPlatforms) = postSolution
		{3930E035-D464-4F80-9EC6-931037F99229}.Debug|Any CPU.ActiveCfg = Debug|Any CPU
		{3930E035-D464-4F80-9EC6-931037F99229}.Debug|Any CPU.Build.0 = Debug|Any CPU
		{3930E035-D464-4F80-9EC6-931037F99229}.Release|Any CPU.ActiveCfg = Release|Any CPU
		{3930E035-D464-4F80-9EC6-931037F99229}.Release|Any CPU.Build.0 = Release|Any CPU
		{F50FCD08-4123-4E46-9B56-5D23C824E5F4}.Debug|Any CPU.ActiveCfg = Debug|Any CPU
		{F50FCD08-4123-4E46-9B56-5D23C824E5F4}.Debug|Any CPU.Build.0 = Debug|Any CPU
		{F50FCD08-4123-4E46-9B56-5D23C824E5F4}.Release|Any CPU.ActiveCfg = Release|Any CPU
		{F50FCD08-4123-4E46-9B56-5D23C824E5F4}.Release|Any CPU.Build.0 = Release|Any CPU
	EndGlobalSection
	GlobalSection(SolutionProperties) = preSolution
		HideSolutionNode = FALSE
	EndGlobalSection
EndGlobal
